// !$*UTF8*$!
{
	archiveVersion = 1;
	classes = {
	};
	objectVersion = 50;
	objects = {

/* Begin PBXBuildFile section */
		673BC61423BF6BCA0083DB26 /* AppDelegate.swift in Sources */ = {isa = PBXBuildFile; fileRef = 673BC61323BF6BCA0083DB26 /* AppDelegate.swift */; };
		673BC61623BF6BCA0083DB26 /* ViewController.swift in Sources */ = {isa = PBXBuildFile; fileRef = 673BC61523BF6BCA0083DB26 /* ViewController.swift */; };
		673BC61923BF6BCA0083DB26 /* Main.storyboard in Resources */ = {isa = PBXBuildFile; fileRef = 673BC61723BF6BCA0083DB26 /* Main.storyboard */; };
		673BC61B23BF6BCF0083DB26 /* Assets.xcassets in Resources */ = {isa = PBXBuildFile; fileRef = 673BC61A23BF6BCF0083DB26 /* Assets.xcassets */; };
		673BC61E23BF6BD00083DB26 /* LaunchScreen.storyboard in Resources */ = {isa = PBXBuildFile; fileRef = 673BC61C23BF6BCF0083DB26 /* LaunchScreen.storyboard */; };
		673BC62C23BF6C520083DB26 /* AppDelegate.swift in Sources */ = {isa = PBXBuildFile; fileRef = 673BC62B23BF6C520083DB26 /* AppDelegate.swift */; };
		673BC62E23BF6C520083DB26 /* ViewController.swift in Sources */ = {isa = PBXBuildFile; fileRef = 673BC62D23BF6C520083DB26 /* ViewController.swift */; };
		673BC63123BF6C520083DB26 /* Main.storyboard in Resources */ = {isa = PBXBuildFile; fileRef = 673BC62F23BF6C520083DB26 /* Main.storyboard */; };
		673BC63623BF6C540083DB26 /* LaunchScreen.storyboard in Resources */ = {isa = PBXBuildFile; fileRef = 673BC63423BF6C540083DB26 /* LaunchScreen.storyboard */; };
		673BC63C23BF6CDA0083DB26 /* Assets.xcassets in Resources */ = {isa = PBXBuildFile; fileRef = 673BC61A23BF6BCF0083DB26 /* Assets.xcassets */; };
/* End PBXBuildFile section */

/* Begin PBXFileReference section */
		673BC61023BF6BCA0083DB26 /* GoGo.app */ = {isa = PBXFileReference; explicitFileType = wrapper.application; includeInIndex = 0; path = GoGo.app; sourceTree = BUILT_PRODUCTS_DIR; };
		673BC61323BF6BCA0083DB26 /* AppDelegate.swift */ = {isa = PBXFileReference; lastKnownFileType = sourcecode.swift; path = AppDelegate.swift; sourceTree = "<group>"; };
		673BC61523BF6BCA0083DB26 /* ViewController.swift */ = {isa = PBXFileReference; lastKnownFileType = sourcecode.swift; path = ViewController.swift; sourceTree = "<group>"; };
		673BC61823BF6BCA0083DB26 /* Base */ = {isa = PBXFileReference; lastKnownFileType = file.storyboard; name = Base; path = Base.lproj/Main.storyboard; sourceTree = "<group>"; };
		673BC61A23BF6BCF0083DB26 /* Assets.xcassets */ = {isa = PBXFileReference; lastKnownFileType = folder.assetcatalog; path = Assets.xcassets; sourceTree = "<group>"; };
		673BC61D23BF6BCF0083DB26 /* Base */ = {isa = PBXFileReference; lastKnownFileType = file.storyboard; name = Base; path = Base.lproj/LaunchScreen.storyboard; sourceTree = "<group>"; };
		673BC61F23BF6BD00083DB26 /* Info.plist */ = {isa = PBXFileReference; lastKnownFileType = text.plist.xml; path = Info.plist; sourceTree = "<group>"; };
		673BC62923BF6C520083DB26 /* GoGo Admin.app */ = {isa = PBXFileReference; explicitFileType = wrapper.application; includeInIndex = 0; path = "GoGo Admin.app"; sourceTree = BUILT_PRODUCTS_DIR; };
		673BC62B23BF6C520083DB26 /* AppDelegate.swift */ = {isa = PBXFileReference; lastKnownFileType = sourcecode.swift; path = AppDelegate.swift; sourceTree = "<group>"; };
		673BC62D23BF6C520083DB26 /* ViewController.swift */ = {isa = PBXFileReference; lastKnownFileType = sourcecode.swift; path = ViewController.swift; sourceTree = "<group>"; };
		673BC63023BF6C520083DB26 /* Base */ = {isa = PBXFileReference; lastKnownFileType = file.storyboard; name = Base; path = Base.lproj/Main.storyboard; sourceTree = "<group>"; };
		673BC63523BF6C540083DB26 /* Base */ = {isa = PBXFileReference; lastKnownFileType = file.storyboard; name = Base; path = Base.lproj/LaunchScreen.storyboard; sourceTree = "<group>"; };
		673BC63723BF6C540083DB26 /* Info.plist */ = {isa = PBXFileReference; lastKnownFileType = text.plist.xml; path = Info.plist; sourceTree = "<group>"; };
/* End PBXFileReference section */

/* Begin PBXFrameworksBuildPhase section */
		673BC60D23BF6BCA0083DB26 /* Frameworks */ = {
			isa = PBXFrameworksBuildPhase;
			buildActionMask = 2147483647;
			files = (
			);
			runOnlyForDeploymentPostprocessing = 0;
		};
		673BC62623BF6C520083DB26 /* Frameworks */ = {
			isa = PBXFrameworksBuildPhase;
			buildActionMask = 2147483647;
			files = (
			);
			runOnlyForDeploymentPostprocessing = 0;
		};
/* End PBXFrameworksBuildPhase section */

/* Begin PBXGroup section */
		673BC60723BF6BC90083DB26 = {
			isa = PBXGroup;
			children = (
				673BC63B23BF6CAF0083DB26 /* Shared */,
				673BC61223BF6BCA0083DB26 /* GoGo */,
				673BC62A23BF6C520083DB26 /* GoGo Admin */,
				673BC61123BF6BCA0083DB26 /* Products */,
			);
			sourceTree = "<group>";
		};
		673BC61123BF6BCA0083DB26 /* Products */ = {
			isa = PBXGroup;
			children = (
				673BC61023BF6BCA0083DB26 /* GoGo.app */,
				673BC62923BF6C520083DB26 /* GoGo Admin.app */,
			);
			name = Products;
			sourceTree = "<group>";
		};
		673BC61223BF6BCA0083DB26 /* GoGo */ = {
			isa = PBXGroup;
			children = (
				673BC61323BF6BCA0083DB26 /* AppDelegate.swift */,
				673BC61523BF6BCA0083DB26 /* ViewController.swift */,
				673BC61723BF6BCA0083DB26 /* Main.storyboard */,
				673BC61C23BF6BCF0083DB26 /* LaunchScreen.storyboard */,
				673BC61F23BF6BD00083DB26 /* Info.plist */,
			);
			path = GoGo;
			sourceTree = "<group>";
		};
		673BC62A23BF6C520083DB26 /* GoGo Admin */ = {
			isa = PBXGroup;
			children = (
				673BC62B23BF6C520083DB26 /* AppDelegate.swift */,
				673BC62D23BF6C520083DB26 /* ViewController.swift */,
				673BC62F23BF6C520083DB26 /* Main.storyboard */,
				673BC63423BF6C540083DB26 /* LaunchScreen.storyboard */,
				673BC63723BF6C540083DB26 /* Info.plist */,
			);
			path = "GoGo Admin";
			sourceTree = "<group>";
		};
		673BC63B23BF6CAF0083DB26 /* Shared */ = {
			isa = PBXGroup;
			children = (
				673BC61A23BF6BCF0083DB26 /* Assets.xcassets */,
			);
			path = Shared;
			sourceTree = "<group>";
		};
/* End PBXGroup section */

/* Begin PBXNativeTarget section */
		673BC60F23BF6BCA0083DB26 /* GoGo */ = {
			isa = PBXNativeTarget;
			buildConfigurationList = 673BC62223BF6BD00083DB26 /* Build configuration list for PBXNativeTarget "GoGo" */;
			buildPhases = (
				673BC60C23BF6BCA0083DB26 /* Sources */,
				673BC60D23BF6BCA0083DB26 /* Frameworks */,
				673BC60E23BF6BCA0083DB26 /* Resources */,
			);
			buildRules = (
			);
			dependencies = (
			);
			name = GoGo;
			productName = GoGo;
			productReference = 673BC61023BF6BCA0083DB26 /* GoGo.app */;
			productType = "com.apple.product-type.application";
		};
		673BC62823BF6C520083DB26 /* GoGo Admin */ = {
			isa = PBXNativeTarget;
			buildConfigurationList = 673BC63823BF6C540083DB26 /* Build configuration list for PBXNativeTarget "GoGo Admin" */;
			buildPhases = (
				673BC62523BF6C520083DB26 /* Sources */,
				673BC62623BF6C520083DB26 /* Frameworks */,
				673BC62723BF6C520083DB26 /* Resources */,
			);
			buildRules = (
			);
			dependencies = (
			);
			name = "GoGo Admin";
			productName = "GoGo Admin";
			productReference = 673BC62923BF6C520083DB26 /* GoGo Admin.app */;
			productType = "com.apple.product-type.application";
		};
/* End PBXNativeTarget section */

/* Begin PBXProject section */
		673BC60823BF6BC90083DB26 /* Project object */ = {
			isa = PBXProject;
			attributes = {
				LastSwiftUpdateCheck = 1020;
				LastUpgradeCheck = 1020;
				ORGANIZATIONNAME = Omar;
				TargetAttributes = {
					673BC60F23BF6BCA0083DB26 = {
						CreatedOnToolsVersion = 10.2.1;
					};
					673BC62823BF6C520083DB26 = {
						CreatedOnToolsVersion = 10.2.1;
					};
				};
			};
			buildConfigurationList = 673BC60B23BF6BC90083DB26 /* Build configuration list for PBXProject "GoGo" */;
			compatibilityVersion = "Xcode 9.3";
			developmentRegion = en;
			hasScannedForEncodings = 0;
			knownRegions = (
				en,
				Base,
			);
			mainGroup = 673BC60723BF6BC90083DB26;
			productRefGroup = 673BC61123BF6BCA0083DB26 /* Products */;
			projectDirPath = "";
			projectRoot = "";
			targets = (
				673BC60F23BF6BCA0083DB26 /* GoGo */,
				673BC62823BF6C520083DB26 /* GoGo Admin */,
			);
		};
/* End PBXProject section */

/* Begin PBXResourcesBuildPhase section */
		673BC60E23BF6BCA0083DB26 /* Resources */ = {
			isa = PBXResourcesBuildPhase;
			buildActionMask = 2147483647;
			files = (
				673BC61E23BF6BD00083DB26 /* LaunchScreen.storyboard in Resources */,
				673BC61B23BF6BCF0083DB26 /* Assets.xcassets in Resources */,
				673BC61923BF6BCA0083DB26 /* Main.storyboard in Resources */,
			);
			runOnlyForDeploymentPostprocessing = 0;
		};
		673BC62723BF6C520083DB26 /* Resources */ = {
			isa = PBXResourcesBuildPhase;
			buildActionMask = 2147483647;
			files = (
				673BC63623BF6C540083DB26 /* LaunchScreen.storyboard in Resources */,
				673BC63C23BF6CDA0083DB26 /* Assets.xcassets in Resources */,
				673BC63123BF6C520083DB26 /* Main.storyboard in Resources */,
			);
			runOnlyForDeploymentPostprocessing = 0;
		};
/* End PBXResourcesBuildPhase section */

/* Begin PBXSourcesBuildPhase section */
		673BC60C23BF6BCA0083DB26 /* Sources */ = {
			isa = PBXSourcesBuildPhase;
			buildActionMask = 2147483647;
			files = (
				673BC61623BF6BCA0083DB26 /* ViewController.swift in Sources */,
				673BC61423BF6BCA0083DB26 /* AppDelegate.swift in Sources */,
			);
			runOnlyForDeploymentPostprocessing = 0;
		};
		673BC62523BF6C520083DB26 /* Sources */ = {
			isa = PBXSourcesBuildPhase;
			buildActionMask = 2147483647;
			files = (
				673BC62E23BF6C520083DB26 /* ViewController.swift in Sources */,
				673BC62C23BF6C520083DB26 /* AppDelegate.swift in Sources */,
			);
			runOnlyForDeploymentPostprocessing = 0;
		};
/* End PBXSourcesBuildPhase section */

/* Begin PBXVariantGroup section */
		673BC61723BF6BCA0083DB26 /* Main.storyboard */ = {
			isa = PBXVariantGroup;
			children = (
				673BC61823BF6BCA0083DB26 /* Base */,
			);
			name = Main.storyboard;
			sourceTree = "<group>";
		};
		673BC61C23BF6BCF0083DB26 /* LaunchScreen.storyboard */ = {
			isa = PBXVariantGroup;
			children = (
				673BC61D23BF6BCF0083DB26 /* Base */,
			);
			name = LaunchScreen.storyboard;
			sourceTree = "<group>";
		};
		673BC62F23BF6C520083DB26 /* Main.storyboard */ = {
			isa = PBXVariantGroup;
			children = (
				673BC63023BF6C520083DB26 /* Base */,
			);
			name = Main.storyboard;
			sourceTree = "<group>";
		};
		673BC63423BF6C540083DB26 /* LaunchScreen.storyboard */ = {
			isa = PBXVariantGroup;
			children = (
				673BC63523BF6C540083DB26 /* Base */,
			);
			name = LaunchScreen.storyboard;
			sourceTree = "<group>";
		};
/* End PBXVariantGroup section */

/* Begin XCBuildConfiguration section */
		673BC62023BF6BD00083DB26 /* Debug */ = {
			isa = XCBuildConfiguration;
			buildSettings = {
				ALWAYS_SEARCH_USER_PATHS = NO;
				CLANG_ANALYZER_NONNULL = YES;
				CLANG_ANALYZER_NUMBER_OBJECT_CONVERSION = YES_AGGRESSIVE;
				CLANG_CXX_LANGUAGE_STANDARD = "gnu++14";
				CLANG_CXX_LIBRARY = "libc++";
				CLANG_ENABLE_MODULES = YES;
				CLANG_ENABLE_OBJC_ARC = YES;
				CLANG_ENABLE_OBJC_WEAK = YES;
				CLANG_WARN_BLOCK_CAPTURE_AUTORELEASING = YES;
				CLANG_WARN_BOOL_CONVERSION = YES;
				CLANG_WARN_COMMA = YES;
				CLANG_WARN_CONSTANT_CONVERSION = YES;
				CLANG_WARN_DEPRECATED_OBJC_IMPLEMENTATIONS = YES;
				CLANG_WARN_DIRECT_OBJC_ISA_USAGE = YES_ERROR;
				CLANG_WARN_DOCUMENTATION_COMMENTS = YES;
				CLANG_WARN_EMPTY_BODY = YES;
				CLANG_WARN_ENUM_CONVERSION = YES;
				CLANG_WARN_INFINITE_RECURSION = YES;
				CLANG_WARN_INT_CONVERSION = YES;
				CLANG_WARN_NON_LITERAL_NULL_CONVERSION = YES;
				CLANG_WARN_OBJC_IMPLICIT_RETAIN_SELF = YES;
				CLANG_WARN_OBJC_LITERAL_CONVERSION = YES;
				CLANG_WARN_OBJC_ROOT_CLASS = YES_ERROR;
				CLANG_WARN_RANGE_LOOP_ANALYSIS = YES;
				CLANG_WARN_STRICT_PROTOTYPES = YES;
				CLANG_WARN_SUSPICIOUS_MOVE = YES;
				CLANG_WARN_UNGUARDED_AVAILABILITY = YES_AGGRESSIVE;
				CLANG_WARN_UNREACHABLE_CODE = YES;
				CLANG_WARN__DUPLICATE_METHOD_MATCH = YES;
				CODE_SIGN_IDENTITY = "iPhone Developer";
				COPY_PHASE_STRIP = NO;
				DEBUG_INFORMATION_FORMAT = dwarf;
				ENABLE_STRICT_OBJC_MSGSEND = YES;
				ENABLE_TESTABILITY = YES;
				GCC_C_LANGUAGE_STANDARD = gnu11;
				GCC_DYNAMIC_NO_PIC = NO;
				GCC_NO_COMMON_BLOCKS = YES;
				GCC_OPTIMIZATION_LEVEL = 0;
				GCC_PREPROCESSOR_DEFINITIONS = (
					"DEBUG=1",
					"$(inherited)",
				);
				GCC_WARN_64_TO_32_BIT_CONVERSION = YES;
				GCC_WARN_ABOUT_RETURN_TYPE = YES_ERROR;
				GCC_WARN_UNDECLARED_SELECTOR = YES;
				GCC_WARN_UNINITIALIZED_AUTOS = YES_AGGRESSIVE;
				GCC_WARN_UNUSED_FUNCTION = YES;
				GCC_WARN_UNUSED_VARIABLE = YES;
				IPHONEOS_DEPLOYMENT_TARGET = 12.2;
				MTL_ENABLE_DEBUG_INFO = INCLUDE_SOURCE;
				MTL_FAST_MATH = YES;
				ONLY_ACTIVE_ARCH = YES;
				SDKROOT = iphoneos;
				SWIFT_ACTIVE_COMPILATION_CONDITIONS = DEBUG;
				SWIFT_OPTIMIZATION_LEVEL = "-Onone";
			};
			name = Debug;
		};
		673BC62123BF6BD00083DB26 /* Release */ = {
			isa = XCBuildConfiguration;
			buildSettings = {
				ALWAYS_SEARCH_USER_PATHS = NO;
				CLANG_ANALYZER_NONNULL = YES;
				CLANG_ANALYZER_NUMBER_OBJECT_CONVERSION = YES_AGGRESSIVE;
				CLANG_CXX_LANGUAGE_STANDARD = "gnu++14";
				CLANG_CXX_LIBRARY = "libc++";
				CLANG_ENABLE_MODULES = YES;
				CLANG_ENABLE_OBJC_ARC = YES;
				CLANG_ENABLE_OBJC_WEAK = YES;
				CLANG_WARN_BLOCK_CAPTURE_AUTORELEASING = YES;
				CLANG_WARN_BOOL_CONVERSION = YES;
				CLANG_WARN_COMMA = YES;
				CLANG_WARN_CONSTANT_CONVERSION = YES;
				CLANG_WARN_DEPRECATED_OBJC_IMPLEMENTATIONS = YES;
				CLANG_WARN_DIRECT_OBJC_ISA_USAGE = YES_ERROR;
				CLANG_WARN_DOCUMENTATION_COMMENTS = YES;
				CLANG_WARN_EMPTY_BODY = YES;
				CLANG_WARN_ENUM_CONVERSION = YES;
				CLANG_WARN_INFINITE_RECURSION = YES;
				CLANG_WARN_INT_CONVERSION = YES;
				CLANG_WARN_NON_LITERAL_NULL_CONVERSION = YES;
				CLANG_WARN_OBJC_IMPLICIT_RETAIN_SELF = YES;
				CLANG_WARN_OBJC_LITERAL_CONVERSION = YES;
				CLANG_WARN_OBJC_ROOT_CLASS = YES_ERROR;
				CLANG_WARN_RANGE_LOOP_ANALYSIS = YES;
				CLANG_WARN_STRICT_PROTOTYPES = YES;
				CLANG_WARN_SUSPICIOUS_MOVE = YES;
				CLANG_WARN_UNGUARDED_AVAILABILITY = YES_AGGRESSIVE;
				CLANG_WARN_UNREACHABLE_CODE = YES;
				CLANG_WARN__DUPLICATE_METHOD_MATCH = YES;
				CODE_SIGN_IDENTITY = "iPhone Developer";
				COPY_PHASE_STRIP = NO;
				DEBUG_INFORMATION_FORMAT = "dwarf-with-dsym";
				ENABLE_NS_ASSERTIONS = NO;
				ENABLE_STRICT_OBJC_MSGSEND = YES;
				GCC_C_LANGUAGE_STANDARD = gnu11;
				GCC_NO_COMMON_BLOCKS = YES;
				GCC_WARN_64_TO_32_BIT_CONVERSION = YES;
				GCC_WARN_ABOUT_RETURN_TYPE = YES_ERROR;
				GCC_WARN_UNDECLARED_SELECTOR = YES;
				GCC_WARN_UNINITIALIZED_AUTOS = YES_AGGRESSIVE;
				GCC_WARN_UNUSED_FUNCTION = YES;
				GCC_WARN_UNUSED_VARIABLE = YES;
				IPHONEOS_DEPLOYMENT_TARGET = 12.2;
				MTL_ENABLE_DEBUG_INFO = NO;
				MTL_FAST_MATH = YES;
				SDKROOT = iphoneos;
				SWIFT_COMPILATION_MODE = wholemodule;
				SWIFT_OPTIMIZATION_LEVEL = "-O";
				VALIDATE_PRODUCT = YES;
			};
			name = Release;
		};
		673BC62323BF6BD00083DB26 /* Debug */ = {
			isa = XCBuildConfiguration;
			buildSettings = {
				ASSETCATALOG_COMPILER_APPICON_NAME = AppIcon;
				CODE_SIGN_STYLE = Automatic;
				DEVELOPMENT_TEAM = 2C4XF58Z9A;
				INFOPLIST_FILE = GoGo/Info.plist;
				LD_RUNPATH_SEARCH_PATHS = (
					"$(inherited)",
					"@executable_path/Frameworks",
				);
				PRODUCT_BUNDLE_IDENTIFIER = com.charapp.GoGo;
				PRODUCT_NAME = "$(TARGET_NAME)";
				SWIFT_VERSION = 5.0;
				TARGETED_DEVICE_FAMILY = "1,2";
			};
			name = Debug;
		};
		673BC62423BF6BD00083DB26 /* Release */ = {
			isa = XCBuildConfiguration;
			buildSettings = {
				ASSETCATALOG_COMPILER_APPICON_NAME = AppIcon;
				CODE_SIGN_STYLE = Automatic;
				DEVELOPMENT_TEAM = 2C4XF58Z9A;
				INFOPLIST_FILE = GoGo/Info.plist;
				LD_RUNPATH_SEARCH_PATHS = (
					"$(inherited)",
					"@executable_path/Frameworks",
				);
				PRODUCT_BUNDLE_IDENTIFIER = com.charapp.GoGo;
				PRODUCT_NAME = "$(TARGET_NAME)";
				SWIFT_VERSION = 5.0;
				TARGETED_DEVICE_FAMILY = "1,2";
			};
			name = Release;
		};
		673BC63923BF6C540083DB26 /* Debug */ = {
			isa = XCBuildConfiguration;
			buildSettings = {
				ASSETCATALOG_COMPILER_APPICON_NAME = AppIcon;
				CODE_SIGN_STYLE = Automatic;
				DEVELOPMENT_TEAM = 2C4XF58Z9A;
				INFOPLIST_FILE = "GoGo Admin/Info.plist";
				LD_RUNPATH_SEARCH_PATHS = (
					"$(inherited)",
					"@executable_path/Frameworks",
				);
				PRODUCT_BUNDLE_IDENTIFIER = "com.charapp.GoGo-Admin";
				PRODUCT_NAME = "$(TARGET_NAME)";
				SWIFT_VERSION = 5.0;
				TARGETED_DEVICE_FAMILY = "1,2";
			};
			name = Debug;
		};
		673BC63A23BF6C540083DB26 /* Release */ = {
			isa = XCBuildConfiguration;
			buildSettings = {
				ASSETCATALOG_COMPILER_APPICON_NAME = AppIcon;
				CODE_SIGN_STYLE = Automatic;
				DEVELOPMENT_TEAM = 2C4XF58Z9A;
				INFOPLIST_FILE = "GoGo Admin/Info.plist";
				LD_RUNPATH_SEARCH_PATHS = (
					"$(inherited)",
					"@executable_path/Frameworks",
				);
				PRODUCT_BUNDLE_IDENTIFIER = "com.charapp.GoGo-Admin";
				PRODUCT_NAME = "$(TARGET_NAME)";
				SWIFT_VERSION = 5.0;
				TARGETED_DEVICE_FAMILY = "1,2";
			};
			name = Release;
		};
/* End XCBuildConfiguration section */

/* Begin XCConfigurationList section */
		673BC60B23BF6BC90083DB26 /* Build configuration list for PBXProject "GoGo" */ = {
			isa = XCConfigurationList;
			buildConfigurations = (
				673BC62023BF6BD00083DB26 /* Debug */,
				673BC62123BF6BD00083DB26 /* Release */,
			);
			defaultConfigurationIsVisible = 0;
			defaultConfigurationName = Release;
		};
		673BC62223BF6BD00083DB26 /* Build configuration list for PBXNativeTarget "GoGo" */ = {
			isa = XCConfigurationList;
			buildConfigurations = (
				673BC62323BF6BD00083DB26 /* Debug */,
				673BC62423BF6BD00083DB26 /* Release */,
			);
			defaultConfigurationIsVisible = 0;
			defaultConfigurationName = Release;
		};
		673BC63823BF6C540083DB26 /* Build configuration list for PBXNativeTarget "GoGo Admin" */ = {
			isa = XCConfigurationList;
			buildConfigurations = (
				673BC63923BF6C540083DB26 /* Debug */,
				673BC63A23BF6C540083DB26 /* Release */,
			);
			defaultConfigurationIsVisible = 0;
			defaultConfigurationName = Release;
		};
/* End XCConfigurationList section */
	};
	rootObject = 673BC60823BF6BC90083DB26 /* Project object */;
}
